
Microsoft Visual Studio Solution File, Format Version 12.00
# Visual Studio 15
VisualStudioVersion = 15.0.26730.8
MinimumVisualStudioVersion = 10.0.40219.1
Project("{FAE04EC0-301F-11D3-BF4B-00C04F79EFBC}") = "BookApi", "BookApi\BookApi.csproj", "{864458A3-671D-4E75-A3E0-6C9D6ECBE5F8}"
EndProject
Project("{FAE04EC0-301F-11D3-BF4B-00C04F79EFBC}") = "BookApiTest", "BookApiTest\BookApiTest.csproj", "{32DAD550-AF8D-4DD9-A623-F704A8DDBFF1}"
EndProject
Global
	GlobalSection(SolutionConfigurationPlatforms) = preSolution
		Debug|Any CPU = Debug|Any CPU
		Release|Any CPU = Release|Any CPU
	EndGlobalSection
	GlobalSection(ProjectConfigurationPlatforms) = postSolution
		{864458A3-671D-4E75-A3E0-6C9D6ECBE5F8}.Debug|Any CPU.ActiveCfg = Debug|Any CPU
		{864458A3-671D-4E75-A3E0-6C9D6ECBE5F8}.Debug|Any CPU.Build.0 = Debug|Any CPU
		{864458A3-671D-4E75-A3E0-6C9D6ECBE5F8}.Release|Any CPU.ActiveCfg = Release|Any CPU
		{864458A3-671D-4E75-A3E0-6C9D6ECBE5F8}.Release|Any CPU.Build.0 = Release|Any CPU
		{32DAD550-AF8D-4DD9-A623-F704A8DDBFF1}.Debug|Any CPU.ActiveCfg = Debug|Any CPU
		{32DAD550-AF8D-4DD9-A623-F704A8DDBFF1}.Debug|Any CPU.Build.0 = Debug|Any CPU
		{32DAD550-AF8D-4DD9-A623-F704A8DDBFF1}.Release|Any CPU.ActiveCfg = Release|Any CPU
		{32DAD550-AF8D-4DD9-A623-F704A8DDBFF1}.Release|Any CPU.Build.0 = Release|Any CPU
	EndGlobalSection
	GlobalSection(SolutionProperties) = preSolution
		HideSolutionNode = FALSE
	EndGlobalSection
	GlobalSection(ExtensibilityGlobals) = postSolution
		SolutionGuid = {6FDBE1B8-DFB8-4C86-B609-F9860C89F905}
	EndGlobalSection
EndGlobal
